{
    "packages": [
        {
            "name": "dimionx/only-prod-package"
        },
        {
            "name": "dimionx/dev-prod-package"
        }
    ],
    "packages-dev": [
        {
            "name": "dimionx/dev-prod-package"
        },
        {
            "name": "dimionx/only-dev-package"
        }
    ]
}